
Microsoft Visual Studio Solution File, Format Version 12.00
# Visual Studio Version 17
VisualStudioVersion = 17.14.36616.10 d17.14
MinimumVisualStudioVersion = 10.0.40219.1
Project("{FAE04EC0-301F-11D3-BF4B-00C04F79EFBC}") = "WEB_NEt", "WEB_NEt\WEB_NEt.csproj", "{D4124401-DF83-4ED0-84C8-1DBBF7C28348}"
EndProject
Global
	GlobalSection(SolutionConfigurationPlatforms) = preSolution
		Debug|Any CPU = Debug|Any CPU
		Release|Any CPU = Release|Any CPU
	EndGlobalSection
	GlobalSection(ProjectConfigurationPlatforms) = postSolution
		{D4124401-DF83-4ED0-84C8-1DBBF7C28348}.Debug|Any CPU.ActiveCfg = Debug|Any CPU
		{D4124401-DF83-4ED0-84C8-1DBBF7C28348}.Debug|Any CPU.Build.0 = Debug|Any CPU
		{D4124401-DF83-4ED0-84C8-1DBBF7C28348}.Release|Any CPU.ActiveCfg = Release|Any CPU
		{D4124401-DF83-4ED0-84C8-1DBBF7C28348}.Release|Any CPU.Build.0 = Release|Any CPU
	EndGlobalSection
	GlobalSection(SolutionProperties) = preSolution
		HideSolutionNode = FALSE
	EndGlobalSection
	GlobalSection(ExtensibilityGlobals) = postSolution
		SolutionGuid = {21854A2E-AD28-4F99-82AF-5008F9CAFD1E}
	EndGlobalSection
EndGlobal
